
Microsoft Visual Studio Solution File, Format Version 12.00
# Visual Studio Version 17
VisualStudioVersion = 17.2.32630.192
MinimumVisualStudioVersion = 10.0.40219.1
Project("{FAE04EC0-301F-11D3-BF4B-00C04F79EFBC}") = "Joker", "Joker\Joker.csproj", "{4965A30C-A845-4790-8E86-8149E65985E7}"
EndProject
Global
	GlobalSection(SolutionConfigurationPlatforms) = preSolution
		Debug|Any CPU = Debug|Any CPU
		Release|Any CPU = Release|Any CPU
	EndGlobalSection
	GlobalSection(ProjectConfigurationPlatforms) = postSolution
		{4965A30C-A845-4790-8E86-8149E65985E7}.Debug|Any CPU.ActiveCfg = Debug|Any CPU
		{4965A30C-A845-4790-8E86-8149E65985E7}.Debug|Any CPU.Build.0 = Debug|Any CPU
		{4965A30C-A845-4790-8E86-8149E65985E7}.Release|Any CPU.ActiveCfg = Release|Any CPU
		{4965A30C-A845-4790-8E86-8149E65985E7}.Release|Any CPU.Build.0 = Release|Any CPU
	EndGlobalSection
	GlobalSection(SolutionProperties) = preSolution
		HideSolutionNode = FALSE
	EndGlobalSection
	GlobalSection(ExtensibilityGlobals) = postSolution
		SolutionGuid = {6C394418-B0FE-4A00-88C7-BDEF9B9DE512}
	EndGlobalSection
EndGlobal
